// !$*UTF8*$!
{
	archiveVersion = 1;
	classes = {
	};
	objectVersion = 55;
	objects = {

/* Begin PBXBuildFile section */
		61139244FC576E4C107EBFD0 /* Pods_Instagram.framework in Frameworks */ = {isa = PBXBuildFile; fileRef = 3ECFCE615848D6BE645A8855 /* Pods_Instagram.framework */; };
		DC8F1DEF29019FAD0023E175 /* ExploreViewController.swift in Sources */ = {isa = PBXBuildFile; fileRef = DC8F1DEE29019FAD0023E175 /* ExploreViewController.swift */; };
		DC8F1DF129019FC20023E175 /* CameraViewController.swift in Sources */ = {isa = PBXBuildFile; fileRef = DC8F1DF029019FC20023E175 /* CameraViewController.swift */; };
		DC8F1DF329019FD10023E175 /* NotificationViewController.swift in Sources */ = {isa = PBXBuildFile; fileRef = DC8F1DF229019FD10023E175 /* NotificationViewController.swift */; };
		DC8F1DF529019FDF0023E175 /* ProfileViewController.swift in Sources */ = {isa = PBXBuildFile; fileRef = DC8F1DF429019FDF0023E175 /* ProfileViewController.swift */; };
		DC8F1DF72901A0140023E175 /* TabBarViewController.swift in Sources */ = {isa = PBXBuildFile; fileRef = DC8F1DF62901A0140023E175 /* TabBarViewController.swift */; };
		DC8F1DFB2901A0470023E175 /* SignInViewController.swift in Sources */ = {isa = PBXBuildFile; fileRef = DC8F1DFA2901A0470023E175 /* SignInViewController.swift */; };
		DC8F1DFD2901A0520023E175 /* SignUpViewController.swift in Sources */ = {isa = PBXBuildFile; fileRef = DC8F1DFC2901A0520023E175 /* SignUpViewController.swift */; };
		DC8F1DFF2901A05F0023E175 /* CaptionViewController.swift in Sources */ = {isa = PBXBuildFile; fileRef = DC8F1DFE2901A05F0023E175 /* CaptionViewController.swift */; };
		DC8F1E012901A06B0023E175 /* ListViewController.swift in Sources */ = {isa = PBXBuildFile; fileRef = DC8F1E002901A06B0023E175 /* ListViewController.swift */; };
		DC8F1E032901A0760023E175 /* PostViewController.swift in Sources */ = {isa = PBXBuildFile; fileRef = DC8F1E022901A0760023E175 /* PostViewController.swift */; };
		DC8F1E052901A0820023E175 /* SettingsViewController.swift in Sources */ = {isa = PBXBuildFile; fileRef = DC8F1E042901A0820023E175 /* SettingsViewController.swift */; };
		DC8F1E072901A0980023E175 /* User.swift in Sources */ = {isa = PBXBuildFile; fileRef = DC8F1E062901A0980023E175 /* User.swift */; };
		DC8F1E092901A0A10023E175 /* Post.swift in Sources */ = {isa = PBXBuildFile; fileRef = DC8F1E082901A0A10023E175 /* Post.swift */; };
		DC8F1E0B2901A0B00023E175 /* Relationship.swift in Sources */ = {isa = PBXBuildFile; fileRef = DC8F1E0A2901A0B00023E175 /* Relationship.swift */; };
		DC8F1E0D2901A0BC0023E175 /* Notification.swift in Sources */ = {isa = PBXBuildFile; fileRef = DC8F1E0C2901A0BC0023E175 /* Notification.swift */; };
		DC8F1E0F2901A0CB0023E175 /* AuthManager.swift in Sources */ = {isa = PBXBuildFile; fileRef = DC8F1E0E2901A0CB0023E175 /* AuthManager.swift */; };
		DC8F1E112901A0D50023E175 /* DatabaseManager.swift in Sources */ = {isa = PBXBuildFile; fileRef = DC8F1E102901A0D50023E175 /* DatabaseManager.swift */; };
		DC8F1E132901A0E60023E175 /* StorageManager.swift in Sources */ = {isa = PBXBuildFile; fileRef = DC8F1E122901A0E60023E175 /* StorageManager.swift */; };
		DC8F1E152901A0F20023E175 /* AnalyticsManager.swift in Sources */ = {isa = PBXBuildFile; fileRef = DC8F1E142901A0F20023E175 /* AnalyticsManager.swift */; };
		DC8F1E172901A0FD0023E175 /* HapticsManager.swift in Sources */ = {isa = PBXBuildFile; fileRef = DC8F1E162901A0FD0023E175 /* HapticsManager.swift */; };
		DC8F1E192901A2720023E175 /* GoogleService-Info.plist in Resources */ = {isa = PBXBuildFile; fileRef = DC8F1E182901A2720023E175 /* GoogleService-Info.plist */; };
		DC907E4A28FDB55E009676C4 /* AppDelegate.swift in Sources */ = {isa = PBXBuildFile; fileRef = DC907E4928FDB55E009676C4 /* AppDelegate.swift */; };
		DC907E4C28FDB55E009676C4 /* SceneDelegate.swift in Sources */ = {isa = PBXBuildFile; fileRef = DC907E4B28FDB55E009676C4 /* SceneDelegate.swift */; };
		DC907E4E28FDB55E009676C4 /* HomeViewController.swift in Sources */ = {isa = PBXBuildFile; fileRef = DC907E4D28FDB55E009676C4 /* HomeViewController.swift */; };
		DC907E5628FDB55F009676C4 /* LaunchScreen.storyboard in Resources */ = {isa = PBXBuildFile; fileRef = DC907E5428FDB55F009676C4 /* LaunchScreen.storyboard */; };
		DCC427D12906EDCC003D7224 /* Assets.xcassets in Resources */ = {isa = PBXBuildFile; fileRef = DCC427D02906EDCC003D7224 /* Assets.xcassets */; };
/* End PBXBuildFile section */

/* Begin PBXFileReference section */
		3ECFCE615848D6BE645A8855 /* Pods_Instagram.framework */ = {isa = PBXFileReference; explicitFileType = wrapper.framework; includeInIndex = 0; path = Pods_Instagram.framework; sourceTree = BUILT_PRODUCTS_DIR; };
		BB3F6103FAEA88427A313F82 /* Pods-Instagram.release.xcconfig */ = {isa = PBXFileReference; includeInIndex = 1; lastKnownFileType = text.xcconfig; name = "Pods-Instagram.release.xcconfig"; path = "Target Support Files/Pods-Instagram/Pods-Instagram.release.xcconfig"; sourceTree = "<group>"; };
		DC8F1DEE29019FAD0023E175 /* ExploreViewController.swift */ = {isa = PBXFileReference; lastKnownFileType = sourcecode.swift; path = ExploreViewController.swift; sourceTree = "<group>"; };
		DC8F1DF029019FC20023E175 /* CameraViewController.swift */ = {isa = PBXFileReference; lastKnownFileType = sourcecode.swift; path = CameraViewController.swift; sourceTree = "<group>"; };
		DC8F1DF229019FD10023E175 /* NotificationViewController.swift */ = {isa = PBXFileReference; lastKnownFileType = sourcecode.swift; path = NotificationViewController.swift; sourceTree = "<group>"; };
		DC8F1DF429019FDF0023E175 /* ProfileViewController.swift */ = {isa = PBXFileReference; lastKnownFileType = sourcecode.swift; path = ProfileViewController.swift; sourceTree = "<group>"; };
		DC8F1DF62901A0140023E175 /* TabBarViewController.swift */ = {isa = PBXFileReference; lastKnownFileType = sourcecode.swift; path = TabBarViewController.swift; sourceTree = "<group>"; };
		DC8F1DFA2901A0470023E175 /* SignInViewController.swift */ = {isa = PBXFileReference; lastKnownFileType = sourcecode.swift; path = SignInViewController.swift; sourceTree = "<group>"; };
		DC8F1DFC2901A0520023E175 /* SignUpViewController.swift */ = {isa = PBXFileReference; lastKnownFileType = sourcecode.swift; path = SignUpViewController.swift; sourceTree = "<group>"; };
		DC8F1DFE2901A05F0023E175 /* CaptionViewController.swift */ = {isa = PBXFileReference; lastKnownFileType = sourcecode.swift; path = CaptionViewController.swift; sourceTree = "<group>"; };
		DC8F1E002901A06B0023E175 /* ListViewController.swift */ = {isa = PBXFileReference; lastKnownFileType = sourcecode.swift; path = ListViewController.swift; sourceTree = "<group>"; };
		DC8F1E022901A0760023E175 /* PostViewController.swift */ = {isa = PBXFileReference; lastKnownFileType = sourcecode.swift; path = PostViewController.swift; sourceTree = "<group>"; };
		DC8F1E042901A0820023E175 /* SettingsViewController.swift */ = {isa = PBXFileReference; lastKnownFileType = sourcecode.swift; path = SettingsViewController.swift; sourceTree = "<group>"; };
		DC8F1E062901A0980023E175 /* User.swift */ = {isa = PBXFileReference; lastKnownFileType = sourcecode.swift; path = User.swift; sourceTree = "<group>"; };
		DC8F1E082901A0A10023E175 /* Post.swift */ = {isa = PBXFileReference; lastKnownFileType = sourcecode.swift; path = Post.swift; sourceTree = "<group>"; };
		DC8F1E0A2901A0B00023E175 /* Relationship.swift */ = {isa = PBXFileReference; lastKnownFileType = sourcecode.swift; path = Relationship.swift; sourceTree = "<group>"; };
		DC8F1E0C2901A0BC0023E175 /* Notification.swift */ = {isa = PBXFileReference; lastKnownFileType = sourcecode.swift; path = Notification.swift; sourceTree = "<group>"; };
		DC8F1E0E2901A0CB0023E175 /* AuthManager.swift */ = {isa = PBXFileReference; lastKnownFileType = sourcecode.swift; path = AuthManager.swift; sourceTree = "<group>"; };
		DC8F1E102901A0D50023E175 /* DatabaseManager.swift */ = {isa = PBXFileReference; lastKnownFileType = sourcecode.swift; path = DatabaseManager.swift; sourceTree = "<group>"; };
		DC8F1E122901A0E60023E175 /* StorageManager.swift */ = {isa = PBXFileReference; lastKnownFileType = sourcecode.swift; path = StorageManager.swift; sourceTree = "<group>"; };
		DC8F1E142901A0F20023E175 /* AnalyticsManager.swift */ = {isa = PBXFileReference; lastKnownFileType = sourcecode.swift; path = AnalyticsManager.swift; sourceTree = "<group>"; };
		DC8F1E162901A0FD0023E175 /* HapticsManager.swift */ = {isa = PBXFileReference; lastKnownFileType = sourcecode.swift; path = HapticsManager.swift; sourceTree = "<group>"; };
		DC8F1E182901A2720023E175 /* GoogleService-Info.plist */ = {isa = PBXFileReference; lastKnownFileType = text.plist; path = "GoogleService-Info.plist"; sourceTree = SOURCE_ROOT; };
		DC907E4628FDB55E009676C4 /* Instagram.app */ = {isa = PBXFileReference; explicitFileType = wrapper.application; includeInIndex = 0; path = Instagram.app; sourceTree = BUILT_PRODUCTS_DIR; };
		DC907E4928FDB55E009676C4 /* AppDelegate.swift */ = {isa = PBXFileReference; lastKnownFileType = sourcecode.swift; path = AppDelegate.swift; sourceTree = "<group>"; };
		DC907E4B28FDB55E009676C4 /* SceneDelegate.swift */ = {isa = PBXFileReference; lastKnownFileType = sourcecode.swift; path = SceneDelegate.swift; sourceTree = "<group>"; };
		DC907E4D28FDB55E009676C4 /* HomeViewController.swift */ = {isa = PBXFileReference; lastKnownFileType = sourcecode.swift; path = HomeViewController.swift; sourceTree = "<group>"; };
		DC907E5528FDB55F009676C4 /* Base */ = {isa = PBXFileReference; lastKnownFileType = file.storyboard; name = Base; path = Base.lproj/LaunchScreen.storyboard; sourceTree = "<group>"; };
		DC907E5728FDB55F009676C4 /* Info.plist */ = {isa = PBXFileReference; lastKnownFileType = text.plist.xml; path = Info.plist; sourceTree = "<group>"; };
		DCC427D02906EDCC003D7224 /* Assets.xcassets */ = {isa = PBXFileReference; lastKnownFileType = folder.assetcatalog; name = Assets.xcassets; path = Assets/Assets.xcassets; sourceTree = SOURCE_ROOT; };
		FAB0C0AAC032BB095E75DBAE /* Pods-Instagram.debug.xcconfig */ = {isa = PBXFileReference; includeInIndex = 1; lastKnownFileType = text.xcconfig; name = "Pods-Instagram.debug.xcconfig"; path = "Target Support Files/Pods-Instagram/Pods-Instagram.debug.xcconfig"; sourceTree = "<group>"; };
/* End PBXFileReference section */

/* Begin PBXFrameworksBuildPhase section */
		DC907E4328FDB55E009676C4 /* Frameworks */ = {
			isa = PBXFrameworksBuildPhase;
			buildActionMask = 2147483647;
			files = (
				61139244FC576E4C107EBFD0 /* Pods_Instagram.framework in Frameworks */,
			);
			runOnlyForDeploymentPostprocessing = 0;
		};
/* End PBXFrameworksBuildPhase section */

/* Begin PBXGroup section */
		8EAC5DAA006FDD9DD0103897 /* Frameworks */ = {
			isa = PBXGroup;
			children = (
				3ECFCE615848D6BE645A8855 /* Pods_Instagram.framework */,
			);
			name = Frameworks;
			sourceTree = "<group>";
		};
		A4855866D1DE2A5BCC5CE081 /* Pods */ = {
			isa = PBXGroup;
			children = (
				FAB0C0AAC032BB095E75DBAE /* Pods-Instagram.debug.xcconfig */,
				BB3F6103FAEA88427A313F82 /* Pods-Instagram.release.xcconfig */,
			);
			path = Pods;
			sourceTree = "<group>";
		};
		DC8F1DE728FEF84F0023E175 /* Resources */ = {
			isa = PBXGroup;
			children = (
				DCC427D02906EDCC003D7224 /* Assets.xcassets */,
				DC8F1E182901A2720023E175 /* GoogleService-Info.plist */,
				DC907E5428FDB55F009676C4 /* LaunchScreen.storyboard */,
				DC907E4928FDB55E009676C4 /* AppDelegate.swift */,
				DC907E4B28FDB55E009676C4 /* SceneDelegate.swift */,
			);
			path = Resources;
			sourceTree = "<group>";
		};
		DC8F1DE828FEF8570023E175 /* ViewModels */ = {
			isa = PBXGroup;
			children = (
			);
			path = ViewModels;
			sourceTree = "<group>";
		};
		DC8F1DE928FEF85E0023E175 /* Views */ = {
			isa = PBXGroup;
			children = (
			);
			path = Views;
			sourceTree = "<group>";
		};
		DC8F1DEA28FEF8620023E175 /* Models */ = {
			isa = PBXGroup;
			children = (
				DC8F1E062901A0980023E175 /* User.swift */,
				DC8F1E082901A0A10023E175 /* Post.swift */,
				DC8F1E0A2901A0B00023E175 /* Relationship.swift */,
				DC8F1E0C2901A0BC0023E175 /* Notification.swift */,
			);
			path = Models;
			sourceTree = "<group>";
		};
		DC8F1DEB28FEF8990023E175 /* Managers */ = {
			isa = PBXGroup;
			children = (
				DC8F1E0E2901A0CB0023E175 /* AuthManager.swift */,
				DC8F1E102901A0D50023E175 /* DatabaseManager.swift */,
				DC8F1E122901A0E60023E175 /* StorageManager.swift */,
				DC8F1E142901A0F20023E175 /* AnalyticsManager.swift */,
				DC8F1E162901A0FD0023E175 /* HapticsManager.swift */,
			);
			path = Managers;
			sourceTree = "<group>";
		};
		DC8F1DEC28FEF89E0023E175 /* Controllers */ = {
			isa = PBXGroup;
			children = (
				DC8F1DF92901A02C0023E175 /* Other */,
				DC8F1DF82901A0230023E175 /* Core */,
			);
			path = Controllers;
			sourceTree = "<group>";
		};
		DC8F1DF82901A0230023E175 /* Core */ = {
			isa = PBXGroup;
			children = (
				DC907E4D28FDB55E009676C4 /* HomeViewController.swift */,
				DC8F1DEE29019FAD0023E175 /* ExploreViewController.swift */,
				DC8F1DF029019FC20023E175 /* CameraViewController.swift */,
				DC8F1DF229019FD10023E175 /* NotificationViewController.swift */,
				DC8F1DF429019FDF0023E175 /* ProfileViewController.swift */,
				DC8F1DF62901A0140023E175 /* TabBarViewController.swift */,
			);
			path = Core;
			sourceTree = "<group>";
		};
		DC8F1DF92901A02C0023E175 /* Other */ = {
			isa = PBXGroup;
			children = (
				DC8F1DFA2901A0470023E175 /* SignInViewController.swift */,
				DC8F1DFC2901A0520023E175 /* SignUpViewController.swift */,
				DC8F1DFE2901A05F0023E175 /* CaptionViewController.swift */,
				DC8F1E002901A06B0023E175 /* ListViewController.swift */,
				DC8F1E022901A0760023E175 /* PostViewController.swift */,
				DC8F1E042901A0820023E175 /* SettingsViewController.swift */,
			);
			path = Other;
			sourceTree = "<group>";
		};
		DC907E3D28FDB55E009676C4 = {
			isa = PBXGroup;
			children = (
				DC907E4828FDB55E009676C4 /* Instagram */,
				DC907E4728FDB55E009676C4 /* Products */,
				A4855866D1DE2A5BCC5CE081 /* Pods */,
				8EAC5DAA006FDD9DD0103897 /* Frameworks */,
			);
			sourceTree = "<group>";
		};
		DC907E4728FDB55E009676C4 /* Products */ = {
			isa = PBXGroup;
			children = (
				DC907E4628FDB55E009676C4 /* Instagram.app */,
			);
			name = Products;
			sourceTree = "<group>";
		};
		DC907E4828FDB55E009676C4 /* Instagram */ = {
			isa = PBXGroup;
			children = (
				DC8F1DEC28FEF89E0023E175 /* Controllers */,
				DC8F1DEB28FEF8990023E175 /* Managers */,
				DC8F1DEA28FEF8620023E175 /* Models */,
				DC8F1DE928FEF85E0023E175 /* Views */,
				DC8F1DE828FEF8570023E175 /* ViewModels */,
				DC8F1DE728FEF84F0023E175 /* Resources */,
				DC907E5728FDB55F009676C4 /* Info.plist */,
			);
			path = Instagram;
			sourceTree = "<group>";
		};
/* End PBXGroup section */

/* Begin PBXNativeTarget section */
		DC907E4528FDB55E009676C4 /* Instagram */ = {
			isa = PBXNativeTarget;
			buildConfigurationList = DC907E5A28FDB55F009676C4 /* Build configuration list for PBXNativeTarget "Instagram" */;
			buildPhases = (
				2F370E2C23A88ABBD15E416B /* [CP] Check Pods Manifest.lock */,
				DC907E4228FDB55E009676C4 /* Sources */,
				DC907E4328FDB55E009676C4 /* Frameworks */,
				DC907E4428FDB55E009676C4 /* Resources */,
				CDF96E8E471447DF6D2E1B2A /* [CP] Embed Pods Frameworks */,
			);
			buildRules = (
			);
			dependencies = (
			);
			name = Instagram;
			productName = Instagram;
			productReference = DC907E4628FDB55E009676C4 /* Instagram.app */;
			productType = "com.apple.product-type.application";
		};
/* End PBXNativeTarget section */

/* Begin PBXProject section */
		DC907E3E28FDB55E009676C4 /* Project object */ = {
			isa = PBXProject;
			attributes = {
				BuildIndependentTargetsInParallel = 1;
				LastSwiftUpdateCheck = 1400;
				LastUpgradeCheck = 1400;
				TargetAttributes = {
					DC907E4528FDB55E009676C4 = {
						CreatedOnToolsVersion = 14.0.1;
					};
				};
			};
			buildConfigurationList = DC907E4128FDB55E009676C4 /* Build configuration list for PBXProject "Instagram" */;
			compatibilityVersion = "Xcode 13.0";
			developmentRegion = en;
			hasScannedForEncodings = 0;
			knownRegions = (
				en,
				Base,
			);
			mainGroup = DC907E3D28FDB55E009676C4;
			productRefGroup = DC907E4728FDB55E009676C4 /* Products */;
			projectDirPath = "";
			projectRoot = "";
			targets = (
				DC907E4528FDB55E009676C4 /* Instagram */,
			);
		};
/* End PBXProject section */

/* Begin PBXResourcesBuildPhase section */
		DC907E4428FDB55E009676C4 /* Resources */ = {
			isa = PBXResourcesBuildPhase;
			buildActionMask = 2147483647;
			files = (
				DC907E5628FDB55F009676C4 /* LaunchScreen.storyboard in Resources */,
				DCC427D12906EDCC003D7224 /* Assets.xcassets in Resources */,
				DC8F1E192901A2720023E175 /* GoogleService-Info.plist in Resources */,
			);
			runOnlyForDeploymentPostprocessing = 0;
		};
/* End PBXResourcesBuildPhase section */

/* Begin PBXShellScriptBuildPhase section */
		2F370E2C23A88ABBD15E416B /* [CP] Check Pods Manifest.lock */ = {
			isa = PBXShellScriptBuildPhase;
			buildActionMask = 2147483647;
			files = (
			);
			inputFileListPaths = (
			);
			inputPaths = (
				"${PODS_PODFILE_DIR_PATH}/Podfile.lock",
				"${PODS_ROOT}/Manifest.lock",
			);
			name = "[CP] Check Pods Manifest.lock";
			outputFileListPaths = (
			);
			outputPaths = (
				"$(DERIVED_FILE_DIR)/Pods-Instagram-checkManifestLockResult.txt",
			);
			runOnlyForDeploymentPostprocessing = 0;
			shellPath = /bin/sh;
			shellScript = "diff \"${PODS_PODFILE_DIR_PATH}/Podfile.lock\" \"${PODS_ROOT}/Manifest.lock\" > /dev/null\nif [ $? != 0 ] ; then\n    # print error to STDERR\n    echo \"error: The sandbox is not in sync with the Podfile.lock. Run 'pod install' or update your CocoaPods installation.\" >&2\n    exit 1\nfi\n# This output is used by Xcode 'outputs' to avoid re-running this script phase.\necho \"SUCCESS\" > \"${SCRIPT_OUTPUT_FILE_0}\"\n";
			showEnvVarsInLog = 0;
		};
		CDF96E8E471447DF6D2E1B2A /* [CP] Embed Pods Frameworks */ = {
			isa = PBXShellScriptBuildPhase;
			buildActionMask = 2147483647;
			files = (
			);
			inputFileListPaths = (
				"${PODS_ROOT}/Target Support Files/Pods-Instagram/Pods-Instagram-frameworks-${CONFIGURATION}-input-files.xcfilelist",
			);
			name = "[CP] Embed Pods Frameworks";
			outputFileListPaths = (
				"${PODS_ROOT}/Target Support Files/Pods-Instagram/Pods-Instagram-frameworks-${CONFIGURATION}-output-files.xcfilelist",
			);
			runOnlyForDeploymentPostprocessing = 0;
			shellPath = /bin/sh;
			shellScript = "\"${PODS_ROOT}/Target Support Files/Pods-Instagram/Pods-Instagram-frameworks.sh\"\n";
			showEnvVarsInLog = 0;
		};
/* End PBXShellScriptBuildPhase section */

/* Begin PBXSourcesBuildPhase section */
		DC907E4228FDB55E009676C4 /* Sources */ = {
			isa = PBXSourcesBuildPhase;
			buildActionMask = 2147483647;
			files = (
				DC8F1DFF2901A05F0023E175 /* CaptionViewController.swift in Sources */,
				DC8F1DF72901A0140023E175 /* TabBarViewController.swift in Sources */,
				DC8F1E0D2901A0BC0023E175 /* Notification.swift in Sources */,
				DC8F1E132901A0E60023E175 /* StorageManager.swift in Sources */,
				DC8F1E012901A06B0023E175 /* ListViewController.swift in Sources */,
				DC8F1E032901A0760023E175 /* PostViewController.swift in Sources */,
				DC8F1DEF29019FAD0023E175 /* ExploreViewController.swift in Sources */,
				DC8F1DF129019FC20023E175 /* CameraViewController.swift in Sources */,
				DC8F1E152901A0F20023E175 /* AnalyticsManager.swift in Sources */,
				DC8F1DF329019FD10023E175 /* NotificationViewController.swift in Sources */,
				DC8F1DFD2901A0520023E175 /* SignUpViewController.swift in Sources */,
				DC8F1E072901A0980023E175 /* User.swift in Sources */,
				DC907E4E28FDB55E009676C4 /* HomeViewController.swift in Sources */,
				DC8F1E052901A0820023E175 /* SettingsViewController.swift in Sources */,
				DC8F1E112901A0D50023E175 /* DatabaseManager.swift in Sources */,
				DC8F1E0B2901A0B00023E175 /* Relationship.swift in Sources */,
				DC8F1E092901A0A10023E175 /* Post.swift in Sources */,
				DC8F1E0F2901A0CB0023E175 /* AuthManager.swift in Sources */,
				DC8F1DFB2901A0470023E175 /* SignInViewController.swift in Sources */,
				DC8F1DF529019FDF0023E175 /* ProfileViewController.swift in Sources */,
				DC8F1E172901A0FD0023E175 /* HapticsManager.swift in Sources */,
				DC907E4A28FDB55E009676C4 /* AppDelegate.swift in Sources */,
				DC907E4C28FDB55E009676C4 /* SceneDelegate.swift in Sources */,
			);
			runOnlyForDeploymentPostprocessing = 0;
		};
/* End PBXSourcesBuildPhase section */

/* Begin PBXVariantGroup section */
		DC907E5428FDB55F009676C4 /* LaunchScreen.storyboard */ = {
			isa = PBXVariantGroup;
			children = (
				DC907E5528FDB55F009676C4 /* Base */,
			);
			name = LaunchScreen.storyboard;
			sourceTree = "<group>";
		};
/* End PBXVariantGroup section */

/* Begin XCBuildConfiguration section */
		DC907E5828FDB55F009676C4 /* Debug */ = {
			isa = XCBuildConfiguration;
			buildSettings = {
				ALWAYS_SEARCH_USER_PATHS = NO;
				CLANG_ANALYZER_NONNULL = YES;
				CLANG_ANALYZER_NUMBER_OBJECT_CONVERSION = YES_AGGRESSIVE;
				CLANG_CXX_LANGUAGE_STANDARD = "gnu++20";
				CLANG_ENABLE_MODULES = YES;
				CLANG_ENABLE_OBJC_ARC = YES;
				CLANG_ENABLE_OBJC_WEAK = YES;
				CLANG_WARN_BLOCK_CAPTURE_AUTORELEASING = YES;
				CLANG_WARN_BOOL_CONVERSION = YES;
				CLANG_WARN_COMMA = YES;
				CLANG_WARN_CONSTANT_CONVERSION = YES;
				CLANG_WARN_DEPRECATED_OBJC_IMPLEMENTATIONS = YES;
				CLANG_WARN_DIRECT_OBJC_ISA_USAGE = YES_ERROR;
				CLANG_WARN_DOCUMENTATION_COMMENTS = YES;
				CLANG_WARN_EMPTY_BODY = YES;
				CLANG_WARN_ENUM_CONVERSION = YES;
				CLANG_WARN_INFINITE_RECURSION = YES;
				CLANG_WARN_INT_CONVERSION = YES;
				CLANG_WARN_NON_LITERAL_NULL_CONVERSION = YES;
				CLANG_WARN_OBJC_IMPLICIT_RETAIN_SELF = YES;
				CLANG_WARN_OBJC_LITERAL_CONVERSION = YES;
				CLANG_WARN_OBJC_ROOT_CLASS = YES_ERROR;
				CLANG_WARN_QUOTED_INCLUDE_IN_FRAMEWORK_HEADER = YES;
				CLANG_WARN_RANGE_LOOP_ANALYSIS = YES;
				CLANG_WARN_STRICT_PROTOTYPES = YES;
				CLANG_WARN_SUSPICIOUS_MOVE = YES;
				CLANG_WARN_UNGUARDED_AVAILABILITY = YES_AGGRESSIVE;
				CLANG_WARN_UNREACHABLE_CODE = YES;
				CLANG_WARN__DUPLICATE_METHOD_MATCH = YES;
				COPY_PHASE_STRIP = NO;
				DEBUG_INFORMATION_FORMAT = dwarf;
				ENABLE_STRICT_OBJC_MSGSEND = YES;
				ENABLE_TESTABILITY = YES;
				GCC_C_LANGUAGE_STANDARD = gnu11;
				GCC_DYNAMIC_NO_PIC = NO;
				GCC_NO_COMMON_BLOCKS = YES;
				GCC_OPTIMIZATION_LEVEL = 0;
				GCC_PREPROCESSOR_DEFINITIONS = (
					"DEBUG=1",
					"$(inherited)",
				);
				GCC_WARN_64_TO_32_BIT_CONVERSION = YES;
				GCC_WARN_ABOUT_RETURN_TYPE = YES_ERROR;
				GCC_WARN_UNDECLARED_SELECTOR = YES;
				GCC_WARN_UNINITIALIZED_AUTOS = YES_AGGRESSIVE;
				GCC_WARN_UNUSED_FUNCTION = YES;
				GCC_WARN_UNUSED_VARIABLE = YES;
				IPHONEOS_DEPLOYMENT_TARGET = 16.0;
				MTL_ENABLE_DEBUG_INFO = INCLUDE_SOURCE;
				MTL_FAST_MATH = YES;
				ONLY_ACTIVE_ARCH = YES;
				SDKROOT = iphoneos;
				SWIFT_ACTIVE_COMPILATION_CONDITIONS = DEBUG;
				SWIFT_OPTIMIZATION_LEVEL = "-Onone";
			};
			name = Debug;
		};
		DC907E5928FDB55F009676C4 /* Release */ = {
			isa = XCBuildConfiguration;
			buildSettings = {
				ALWAYS_SEARCH_USER_PATHS = NO;
				CLANG_ANALYZER_NONNULL = YES;
				CLANG_ANALYZER_NUMBER_OBJECT_CONVERSION = YES_AGGRESSIVE;
				CLANG_CXX_LANGUAGE_STANDARD = "gnu++20";
				CLANG_ENABLE_MODULES = YES;
				CLANG_ENABLE_OBJC_ARC = YES;
				CLANG_ENABLE_OBJC_WEAK = YES;
				CLANG_WARN_BLOCK_CAPTURE_AUTORELEASING = YES;
				CLANG_WARN_BOOL_CONVERSION = YES;
				CLANG_WARN_COMMA = YES;
				CLANG_WARN_CONSTANT_CONVERSION = YES;
				CLANG_WARN_DEPRECATED_OBJC_IMPLEMENTATIONS = YES;
				CLANG_WARN_DIRECT_OBJC_ISA_USAGE = YES_ERROR;
				CLANG_WARN_DOCUMENTATION_COMMENTS = YES;
				CLANG_WARN_EMPTY_BODY = YES;
				CLANG_WARN_ENUM_CONVERSION = YES;
				CLANG_WARN_INFINITE_RECURSION = YES;
				CLANG_WARN_INT_CONVERSION = YES;
				CLANG_WARN_NON_LITERAL_NULL_CONVERSION = YES;
				CLANG_WARN_OBJC_IMPLICIT_RETAIN_SELF = YES;
				CLANG_WARN_OBJC_LITERAL_CONVERSION = YES;
				CLANG_WARN_OBJC_ROOT_CLASS = YES_ERROR;
				CLANG_WARN_QUOTED_INCLUDE_IN_FRAMEWORK_HEADER = YES;
				CLANG_WARN_RANGE_LOOP_ANALYSIS = YES;
				CLANG_WARN_STRICT_PROTOTYPES = YES;
				CLANG_WARN_SUSPICIOUS_MOVE = YES;
				CLANG_WARN_UNGUARDED_AVAILABILITY = YES_AGGRESSIVE;
				CLANG_WARN_UNREACHABLE_CODE = YES;
				CLANG_WARN__DUPLICATE_METHOD_MATCH = YES;
				COPY_PHASE_STRIP = NO;
				DEBUG_INFORMATION_FORMAT = "dwarf-with-dsym";
				ENABLE_NS_ASSERTIONS = NO;
				ENABLE_STRICT_OBJC_MSGSEND = YES;
				GCC_C_LANGUAGE_STANDARD = gnu11;
				GCC_NO_COMMON_BLOCKS = YES;
				GCC_WARN_64_TO_32_BIT_CONVERSION = YES;
				GCC_WARN_ABOUT_RETURN_TYPE = YES_ERROR;
				GCC_WARN_UNDECLARED_SELECTOR = YES;
				GCC_WARN_UNINITIALIZED_AUTOS = YES_AGGRESSIVE;
				GCC_WARN_UNUSED_FUNCTION = YES;
				GCC_WARN_UNUSED_VARIABLE = YES;
				IPHONEOS_DEPLOYMENT_TARGET = 16.0;
				MTL_ENABLE_DEBUG_INFO = NO;
				MTL_FAST_MATH = YES;
				SDKROOT = iphoneos;
				SWIFT_COMPILATION_MODE = wholemodule;
				SWIFT_OPTIMIZATION_LEVEL = "-O";
				VALIDATE_PRODUCT = YES;
			};
			name = Release;
		};
		DC907E5B28FDB55F009676C4 /* Debug */ = {
			isa = XCBuildConfiguration;
			baseConfigurationReference = FAB0C0AAC032BB095E75DBAE /* Pods-Instagram.debug.xcconfig */;
			buildSettings = {
				ASSETCATALOG_COMPILER_APPICON_NAME = AppIcon;
				ASSETCATALOG_COMPILER_GLOBAL_ACCENT_COLOR_NAME = AccentColor;
				CODE_SIGN_STYLE = Automatic;
				CURRENT_PROJECT_VERSION = 1;
				DEVELOPMENT_TEAM = 9786TSAYF2;
				GENERATE_INFOPLIST_FILE = YES;
				INFOPLIST_FILE = Instagram/Info.plist;
				INFOPLIST_KEY_UIApplicationSupportsIndirectInputEvents = YES;
				INFOPLIST_KEY_UILaunchStoryboardName = LaunchScreen;
				INFOPLIST_KEY_UISupportedInterfaceOrientations = UIInterfaceOrientationPortrait;
				IPHONEOS_DEPLOYMENT_TARGET = 15.0;
				LD_RUNPATH_SEARCH_PATHS = (
					"$(inherited)",
					"@executable_path/Frameworks",
				);
				MARKETING_VERSION = 1.0;
				PRODUCT_BUNDLE_IDENTIFIER = Kamonpan.Instagram;
				PRODUCT_NAME = "$(TARGET_NAME)";
				SWIFT_EMIT_LOC_STRINGS = YES;
				SWIFT_VERSION = 5.0;
				TARGETED_DEVICE_FAMILY = "1,2";
			};
			name = Debug;
		};
		DC907E5C28FDB55F009676C4 /* Release */ = {
			isa = XCBuildConfiguration;
			baseConfigurationReference = BB3F6103FAEA88427A313F82 /* Pods-Instagram.release.xcconfig */;
			buildSettings = {
				ASSETCATALOG_COMPILER_APPICON_NAME = AppIcon;
				ASSETCATALOG_COMPILER_GLOBAL_ACCENT_COLOR_NAME = AccentColor;
				CODE_SIGN_STYLE = Automatic;
				CURRENT_PROJECT_VERSION = 1;
				DEVELOPMENT_TEAM = 9786TSAYF2;
				GENERATE_INFOPLIST_FILE = YES;
				INFOPLIST_FILE = Instagram/Info.plist;
				INFOPLIST_KEY_UIApplicationSupportsIndirectInputEvents = YES;
				INFOPLIST_KEY_UILaunchStoryboardName = LaunchScreen;
				INFOPLIST_KEY_UISupportedInterfaceOrientations = UIInterfaceOrientationPortrait;
				IPHONEOS_DEPLOYMENT_TARGET = 15.0;
				LD_RUNPATH_SEARCH_PATHS = (
					"$(inherited)",
					"@executable_path/Frameworks",
				);
				MARKETING_VERSION = 1.0;
				PRODUCT_BUNDLE_IDENTIFIER = Kamonpan.Instagram;
				PRODUCT_NAME = "$(TARGET_NAME)";
				SWIFT_EMIT_LOC_STRINGS = YES;
				SWIFT_VERSION = 5.0;
				TARGETED_DEVICE_FAMILY = "1,2";
			};
			name = Release;
		};
/* End XCBuildConfiguration section */

/* Begin XCConfigurationList section */
		DC907E4128FDB55E009676C4 /* Build configuration list for PBXProject "Instagram" */ = {
			isa = XCConfigurationList;
			buildConfigurations = (
				DC907E5828FDB55F009676C4 /* Debug */,
				DC907E5928FDB55F009676C4 /* Release */,
			);
			defaultConfigurationIsVisible = 0;
			defaultConfigurationName = Release;
		};
		DC907E5A28FDB55F009676C4 /* Build configuration list for PBXNativeTarget "Instagram" */ = {
			isa = XCConfigurationList;
			buildConfigurations = (
				DC907E5B28FDB55F009676C4 /* Debug */,
				DC907E5C28FDB55F009676C4 /* Release */,
			);
			defaultConfigurationIsVisible = 0;
			defaultConfigurationName = Release;
		};
/* End XCConfigurationList section */
	};
	rootObject = DC907E3E28FDB55E009676C4 /* Project object */;
}
